# THIS IS AN AUTOGENERATED FILE. DO NOT EDIT THIS FILE DIRECTLY.
# yarn lockfile v1


commander@~2.9.0:
  version "2.9.0"
  resolved "http://registry.npm.taobao.org/commander/download/commander-2.9.0.tgz#9c99094176e12240cb22d6c5146098400fe0f7d4"
  dependencies:
    graceful-readlink ">= 1.0.0"

"graceful-readlink@>= 1.0.0":
  version "1.0.1"
  resolved "http://registry.npm.taobao.org/graceful-readlink/download/graceful-readlink-1.0.1.tgz#4cafad76bc62f02fa039b2f94e9a3dd3a391a725"

mute-stream@~0.0.4:
  version "0.0.7"
  resolved "http://registry.npm.taobao.org/mute-stream/download/mute-stream-0.0.7.tgz#3075ce93bc21b8fab43e1bc4da7e8115ed1e7bab"

read@~1.0.7:
  version "1.0.7"
  resolved "http://registry.npm.taobao.org/read/download/read-1.0.7.tgz#b3da19bd052431a97671d44a42634adf710b40c4"
  dependencies:
    mute-stream "~0.0.4"

safe-buffer@~5.0.1:
  version "5.0.1"
  resolved "http://registry.npm.taobao.org/safe-buffer/download/safe-buffer-5.0.1.tgz#d263ca54696cd8a306b5ca6551e92de57918fbe7"

tinycolor@~0.0.1:
  version "0.0.1"
  resolved "http://registry.npm.taobao.org/tinycolor/download/tinycolor-0.0.1.tgz#320b5a52d83abb5978d81a3e887d4aefb15a6164"

ultron@~1.1.0:
  version "1.1.0"
  resolved "http://registry.npm.taobao.org/ultron/download/ultron-1.1.0.tgz#b07a2e6a541a815fc6a34ccd4533baec307ca864"

ws@^3.0.0:
  version "3.0.0"
  resolved "http://registry.npm.taobao.org/ws/download/ws-3.0.0.tgz#98ddb00056c8390cb751e7788788497f99103b6c"
  dependencies:
    safe-buffer "~5.0.1"
    ultron "~1.1.0"

ws@~2.3.0:
  version "2.3.1"
  resolved "http://registry.npm.taobao.org/ws/download/ws-2.3.1.tgz#6b94b3e447cb6a363f785eaf94af6359e8e81c80"
  dependencies:
    safe-buffer "~5.0.1"
    ultron "~1.1.0"

wscat@^2.0.1:
  version "2.0.1"
  resolved "http://registry.npm.taobao.org/wscat/download/wscat-2.0.1.tgz#73193c2293e02cc2e2766e2995f12cec95a05dae"
  dependencies:
    commander "~2.9.0"
    read "~1.0.7"
    tinycolor "~0.0.1"
    ws "~2.3.0"
